
Microsoft Visual Studio Solution File, Format Version 12.00
# Visual Studio Version 16
VisualStudioVersion = 16.0.30804.86
MinimumVisualStudioVersion = 10.0.40219.1
Project("{FAE04EC0-301F-11D3-BF4B-00C04F79EFBC}") = "p26-euler", "p26-euler.csproj", "{DF927AF9-FD15-4465-9E27-A1E1E1D40908}"
EndProject
Project("{FAE04EC0-301F-11D3-BF4B-00C04F79EFBC}") = "p26-euler-Tests", "..\p26-euler-Tests\p26-euler-Tests.csproj", "{CF9CEF33-A56B-4B7F-96EC-9EC8089B5B69}"
EndProject
Global
	GlobalSection(SolutionConfigurationPlatforms) = preSolution
		Debug|Any CPU = Debug|Any CPU
		Release|Any CPU = Release|Any CPU
	EndGlobalSection
	GlobalSection(ProjectConfigurationPlatforms) = postSolution
		{DF927AF9-FD15-4465-9E27-A1E1E1D40908}.Debug|Any CPU.ActiveCfg = Debug|Any CPU
		{DF927AF9-FD15-4465-9E27-A1E1E1D40908}.Debug|Any CPU.Build.0 = Debug|Any CPU
		{DF927AF9-FD15-4465-9E27-A1E1E1D40908}.Release|Any CPU.ActiveCfg = Release|Any CPU
		{DF927AF9-FD15-4465-9E27-A1E1E1D40908}.Release|Any CPU.Build.0 = Release|Any CPU
		{CF9CEF33-A56B-4B7F-96EC-9EC8089B5B69}.Debug|Any CPU.ActiveCfg = Debug|Any CPU
		{CF9CEF33-A56B-4B7F-96EC-9EC8089B5B69}.Debug|Any CPU.Build.0 = Debug|Any CPU
		{CF9CEF33-A56B-4B7F-96EC-9EC8089B5B69}.Release|Any CPU.ActiveCfg = Release|Any CPU
		{CF9CEF33-A56B-4B7F-96EC-9EC8089B5B69}.Release|Any CPU.Build.0 = Release|Any CPU
	EndGlobalSection
	GlobalSection(SolutionProperties) = preSolution
		HideSolutionNode = FALSE
	EndGlobalSection
	GlobalSection(ExtensibilityGlobals) = postSolution
		SolutionGuid = {F10059C4-B4B3-45C7-953A-C6CE21AB9475}
	EndGlobalSection
EndGlobal
